
Microsoft Visual Studio Solution File, Format Version 12.00
# Visual Studio Version 17
VisualStudioVersion = 17.13.35913.81 d17.13
MinimumVisualStudioVersion = 10.0.40219.1
Project("{FAE04EC0-301F-11D3-BF4B-00C04F79EFBC}") = "AzureAI-DocProcessor", "src\AzureAI-DocProcessor\AzureAI-DocProcessor.csproj", "{6E26CE50-F34D-4174-2A27-EEF229F4F2FA}"
EndProject
Project("{FAE04EC0-301F-11D3-BF4B-00C04F79EFBC}") = "AzureAI-DocProcessor.UnitTests", "tests\AzureAI-DocProcessor.UnitTests\AzureAI-DocProcessor.UnitTests.csproj", "{C2583E10-3125-4663-BCE2-7C8AA0187D40}"
EndProject
Global
	GlobalSection(SolutionConfigurationPlatforms) = preSolution
		Debug|Any CPU = Debug|Any CPU
		Release|Any CPU = Release|Any CPU
	EndGlobalSection
	GlobalSection(ProjectConfigurationPlatforms) = postSolution
		{6E26CE50-F34D-4174-2A27-EEF229F4F2FA}.Debug|Any CPU.ActiveCfg = Debug|Any CPU
		{6E26CE50-F34D-4174-2A27-EEF229F4F2FA}.Debug|Any CPU.Build.0 = Debug|Any CPU
		{6E26CE50-F34D-4174-2A27-EEF229F4F2FA}.Release|Any CPU.ActiveCfg = Release|Any CPU
		{6E26CE50-F34D-4174-2A27-EEF229F4F2FA}.Release|Any CPU.Build.0 = Release|Any CPU
		{C2583E10-3125-4663-BCE2-7C8AA0187D40}.Debug|Any CPU.ActiveCfg = Debug|Any CPU
		{C2583E10-3125-4663-BCE2-7C8AA0187D40}.Debug|Any CPU.Build.0 = Debug|Any CPU
		{C2583E10-3125-4663-BCE2-7C8AA0187D40}.Release|Any CPU.ActiveCfg = Release|Any CPU
		{C2583E10-3125-4663-BCE2-7C8AA0187D40}.Release|Any CPU.Build.0 = Release|Any CPU
	EndGlobalSection
	GlobalSection(SolutionProperties) = preSolution
		HideSolutionNode = FALSE
	EndGlobalSection
	GlobalSection(ExtensibilityGlobals) = postSolution
		SolutionGuid = {A9D49732-7949-4B70-9F92-335FEFBCABCA}
	EndGlobalSection
EndGlobal
